
Microsoft Visual Studio Solution File, Format Version 12.00
# Visual Studio 15
VisualStudioVersion = 15.0.27703.2042
MinimumVisualStudioVersion = 10.0.40219.1
Project("{FAE04EC0-301F-11D3-BF4B-00C04F79EFBC}") = "FaldoneFoto", "FaldoneFoto\FaldoneFoto.csproj", "{3AD35E0C-7DDB-4D34-B901-8FB329C48BF6}"
EndProject
Global
	GlobalSection(SolutionConfigurationPlatforms) = preSolution
		Debug|Any CPU = Debug|Any CPU
		Release|Any CPU = Release|Any CPU
	EndGlobalSection
	GlobalSection(ProjectConfigurationPlatforms) = postSolution
		{3AD35E0C-7DDB-4D34-B901-8FB329C48BF6}.Debug|Any CPU.ActiveCfg = Debug|Any CPU
		{3AD35E0C-7DDB-4D34-B901-8FB329C48BF6}.Debug|Any CPU.Build.0 = Debug|Any CPU
		{3AD35E0C-7DDB-4D34-B901-8FB329C48BF6}.Release|Any CPU.ActiveCfg = Release|Any CPU
		{3AD35E0C-7DDB-4D34-B901-8FB329C48BF6}.Release|Any CPU.Build.0 = Release|Any CPU
	EndGlobalSection
	GlobalSection(SolutionProperties) = preSolution
		HideSolutionNode = FALSE
	EndGlobalSection
	GlobalSection(ExtensibilityGlobals) = postSolution
		SolutionGuid = {F55B1F67-0AEF-4D64-A5C8-0AE1C78F5552}
	EndGlobalSection
EndGlobal
